
Microsoft Visual Studio Solution File, Format Version 12.00
# Visual Studio Version 17
VisualStudioVersion = 17.10.35027.167
MinimumVisualStudioVersion = 10.0.40219.1
Project("{8BC9CEB8-8B4A-11D0-8D11-00A0C91BC942}") = "LeaverDinamicLab", "LeaverDinamicLab\LeaverDinamicLab.vcxproj", "{99E00B6F-7EEF-40E3-9FD8-3B950E2E96CD}"
EndProject
Project("{8BC9CEB8-8B4A-11D0-8D11-00A0C91BC942}") = "LeaverConsole", "LeaverConsole\LeaverConsole.vcxproj", "{AB9A91B3-06CB-424C-BC63-F1661FE3749D}"
EndProject
Global
	GlobalSection(SolutionConfigurationPlatforms) = preSolution
		Debug|x64 = Debug|x64
		Debug|x86 = Debug|x86
		Release|x64 = Release|x64
		Release|x86 = Release|x86
	EndGlobalSection
	GlobalSection(ProjectConfigurationPlatforms) = postSolution
		{99E00B6F-7EEF-40E3-9FD8-3B950E2E96CD}.Debug|x64.ActiveCfg = Debug|x64
		{99E00B6F-7EEF-40E3-9FD8-3B950E2E96CD}.Debug|x64.Build.0 = Debug|x64
		{99E00B6F-7EEF-40E3-9FD8-3B950E2E96CD}.Debug|x86.ActiveCfg = Debug|Win32
		{99E00B6F-7EEF-40E3-9FD8-3B950E2E96CD}.Debug|x86.Build.0 = Debug|Win32
		{99E00B6F-7EEF-40E3-9FD8-3B950E2E96CD}.Release|x64.ActiveCfg = Release|x64
		{99E00B6F-7EEF-40E3-9FD8-3B950E2E96CD}.Release|x64.Build.0 = Release|x64
		{99E00B6F-7EEF-40E3-9FD8-3B950E2E96CD}.Release|x86.ActiveCfg = Release|Win32
		{99E00B6F-7EEF-40E3-9FD8-3B950E2E96CD}.Release|x86.Build.0 = Release|Win32
		{AB9A91B3-06CB-424C-BC63-F1661FE3749D}.Debug|x64.ActiveCfg = Debug|x64
		{AB9A91B3-06CB-424C-BC63-F1661FE3749D}.Debug|x64.Build.0 = Debug|x64
		{AB9A91B3-06CB-424C-BC63-F1661FE3749D}.Debug|x86.ActiveCfg = Debug|Win32
		{AB9A91B3-06CB-424C-BC63-F1661FE3749D}.Debug|x86.Build.0 = Debug|Win32
		{AB9A91B3-06CB-424C-BC63-F1661FE3749D}.Release|x64.ActiveCfg = Release|x64
		{AB9A91B3-06CB-424C-BC63-F1661FE3749D}.Release|x64.Build.0 = Release|x64
		{AB9A91B3-06CB-424C-BC63-F1661FE3749D}.Release|x86.ActiveCfg = Release|Win32
		{AB9A91B3-06CB-424C-BC63-F1661FE3749D}.Release|x86.Build.0 = Release|Win32
	EndGlobalSection
	GlobalSection(SolutionProperties) = preSolution
		HideSolutionNode = FALSE
	EndGlobalSection
	GlobalSection(ExtensibilityGlobals) = postSolution
		SolutionGuid = {60331C0A-D730-448F-BC31-D89E05577430}
	EndGlobalSection
EndGlobal
